
Microsoft Visual Studio Solution File, Format Version 12.00
# Visual Studio Version 17
VisualStudioVersion = 17.13.35931.197
MinimumVisualStudioVersion = 10.0.40219.1
Project("{FAE04EC0-301F-11D3-BF4B-00C04F79EFBC}") = "ReservaDeViagens", "ReservaDeViagens.csproj", "{6E04D0EB-B4CF-4403-A883-57480D99809E}"
EndProject
Global
	GlobalSection(SolutionConfigurationPlatforms) = preSolution
		Debug|Any CPU = Debug|Any CPU
		Debug|x64 = Debug|x64
		Release|Any CPU = Release|Any CPU
		Release|x64 = Release|x64
	EndGlobalSection
	GlobalSection(ProjectConfigurationPlatforms) = postSolution
		{6E04D0EB-B4CF-4403-A883-57480D99809E}.Debug|Any CPU.ActiveCfg = Debug|Any CPU
		{6E04D0EB-B4CF-4403-A883-57480D99809E}.Debug|Any CPU.Build.0 = Debug|Any CPU
		{6E04D0EB-B4CF-4403-A883-57480D99809E}.Debug|x64.ActiveCfg = Debug|x64
		{6E04D0EB-B4CF-4403-A883-57480D99809E}.Debug|x64.Build.0 = Debug|x64
		{6E04D0EB-B4CF-4403-A883-57480D99809E}.Release|Any CPU.ActiveCfg = Release|Any CPU
		{6E04D0EB-B4CF-4403-A883-57480D99809E}.Release|Any CPU.Build.0 = Release|Any CPU
		{6E04D0EB-B4CF-4403-A883-57480D99809E}.Release|x64.ActiveCfg = Release|x64
		{6E04D0EB-B4CF-4403-A883-57480D99809E}.Release|x64.Build.0 = Release|x64
	EndGlobalSection
	GlobalSection(SolutionProperties) = preSolution
		HideSolutionNode = FALSE
	EndGlobalSection
	GlobalSection(ExtensibilityGlobals) = postSolution
		SolutionGuid = {BF5139A4-3AC8-4EE6-B035-7B0B73223829}
	EndGlobalSection
EndGlobal
